{
  "version": 4,
  "terraform_version": "0.12.18",
  "serial": 74,
  "lineage": "bdd5dc92-f0d5-7210-a728-970a8ad2c68a",
  "outputs": {},
  "resources": [
    {
      "mode": "managed",
      "type": "google_compute_address",
      "name": "static",
      "provider": "provider.google",
      "instances": [
        {
          "schema_version": 0,
          "attributes": {
            "address": "35.240.35.104",
            "address_type": "EXTERNAL",
            "creation_timestamp": "2019-12-19T15:46:18.348-08:00",
            "description": "",
            "id": "projects/infra-259917/regions/europe-west1/addresses/ipv4-address",
            "name": "ipv4-address",
            "network_tier": "PREMIUM",
            "project": "infra-259917",
            "purpose": "",
            "region": "europe-west1",
            "self_link": "https://www.googleapis.com/compute/v1/projects/infra-259917/regions/europe-west1/addresses/ipv4-address",
            "subnetwork": "",
            "timeouts": null,
            "users": [
              "https://www.googleapis.com/compute/v1/projects/infra-259917/zones/europe-west1-b/instances/apache"
            ]
          },
          "private": "eyJlMmJmYjczMC1lY2FhLTExZTYtOGY4OC0zNDM2M2JjN2M0YzAiOnsiY3JlYXRlIjoyNDAwMDAwMDAwMDAsImRlbGV0ZSI6MjQwMDAwMDAwMDAwfX0="
        }
      ]
    },
    {
      "mode": "managed",
      "type": "google_compute_firewall",
      "name": "firewall_apache",
      "provider": "provider.google",
      "instances": [
        {
          "schema_version": 1,
          "attributes": {
            "allow": [
              {
                "ports": [
                  "8080"
                ],
                "protocol": "tcp"
              }
            ],
            "creation_timestamp": "2019-12-19T15:46:18.585-08:00",
            "deny": [],
            "description": "",
            "destination_ranges": [],
            "direction": "INGRESS",
            "disabled": false,
            "id": "projects/infra-259917/global/firewalls/allow-apache-default",
            "name": "allow-apache-default",
            "network": "https://www.googleapis.com/compute/v1/projects/infra-259917/global/networks/default",
            "priority": 1000,
            "project": "infra-259917",
            "self_link": "https://www.googleapis.com/compute/v1/projects/infra-259917/global/firewalls/allow-apache-default",
            "source_ranges": [
              "0.0.0.0/0"
            ],
            "source_service_accounts": [],
            "source_tags": [],
            "target_service_accounts": [],
            "target_tags": [
              "apang"
            ],
            "timeouts": null
          },
          "private": "eyJlMmJmYjczMC1lY2FhLTExZTYtOGY4OC0zNDM2M2JjN2M0YzAiOnsiY3JlYXRlIjoyNDAwMDAwMDAwMDAsImRlbGV0ZSI6MjQwMDAwMDAwMDAwLCJ1cGRhdGUiOjI0MDAwMDAwMDAwMH0sInNjaGVtYV92ZXJzaW9uIjoiMSJ9"
        }
      ]
    },
    {
      "mode": "managed",
      "type": "google_compute_instance",
      "name": "app",
      "provider": "provider.google",
      "instances": [
        {
          "schema_version": 6,
          "attributes": {
            "allow_stopping_for_update": null,
            "attached_disk": [],
            "boot_disk": [
              {
                "auto_delete": true,
                "device_name": "persistent-disk-0",
                "disk_encryption_key_raw": "",
                "disk_encryption_key_sha256": "",
                "initialize_params": [
                  {
                    "image": "https://www.googleapis.com/compute/v1/projects/ubuntu-os-cloud/global/images/ubuntu-1804-bionic-v20191113",
                    "labels": {},
                    "size": 10,
                    "type": "pd-standard"
                  }
                ],
                "kms_key_self_link": "",
                "mode": "READ_WRITE",
                "source": "https://www.googleapis.com/compute/v1/projects/infra-259917/zones/europe-west1-b/disks/apache"
              }
            ],
            "can_ip_forward": false,
            "cpu_platform": "Intel Haswell",
            "deletion_protection": false,
            "description": "",
            "enable_display": false,
            "guest_accelerator": [],
            "hostname": "",
            "id": "projects/infra-259917/zones/europe-west1-b/instances/apache",
            "instance_id": "5056967223194792115",
            "label_fingerprint": "42WmSpB8rSM=",
            "labels": null,
            "machine_type": "n1-standard-1",
            "metadata": {
              "ssh-keys": "appuser:ssh-rsa AAAAB3NzaC1yc2EAAAADAQABAAABAQDgh4iO9+ESl6LUCorCMz7GcqnGKZbBR+v2d5xkyJzSI7b6kfZ5bT0EmzbjXSigTnzDHSrg6Urx7CGmdKryIhMyamUfb/uspvgslC0LAV4pY40aKDpt99gk0eyXs88E0NhDKe6QsOeCSTFQ7LJvl0EL90bRqkVF7d4DIpJAwBkHtu1EjB4yKF2/BiBQqLeetMaJOdJOuHojXqzhMjHzIjNKDNCs8Idum15z3bbdxrEuW1TYclCjg364M6g80e6EfsCYOaDwNrizeihJc9Rs9t0mGqdS7/WdQB658X1AQTXMtAPcW5e2ASfcxGkm24Kf7r9+r4rwL0UwiaPDOsfpC+NP appuser\n"
            },
            "metadata_fingerprint": "yg6dRHa0nZQ=",
            "metadata_startup_script": "",
            "min_cpu_platform": "",
            "name": "apache",
            "network_interface": [
              {
                "access_config": [
                  {
                    "nat_ip": "35.240.35.104",
                    "network_tier": "PREMIUM",
                    "public_ptr_domain_name": ""
                  }
                ],
                "alias_ip_range": [],
                "name": "nic0",
                "network": "https://www.googleapis.com/compute/v1/projects/infra-259917/global/networks/default",
                "network_ip": "10.132.15.204",
                "subnetwork": "https://www.googleapis.com/compute/v1/projects/infra-259917/regions/europe-west1/subnetworks/default",
                "subnetwork_project": "infra-259917"
              }
            ],
            "project": "infra-259917",
            "scheduling": [
              {
                "automatic_restart": true,
                "node_affinities": [],
                "on_host_maintenance": "MIGRATE",
                "preemptible": false
              }
            ],
            "scratch_disk": [],
            "self_link": "https://www.googleapis.com/compute/v1/projects/infra-259917/zones/europe-west1-b/instances/apache",
            "service_account": [],
            "shielded_instance_config": [],
            "tags": [
              "apang"
            ],
            "tags_fingerprint": "D9EKT-pJGh4=",
            "timeouts": null,
            "zone": "europe-west1-b"
          },
          "private": "eyJlMmJmYjczMC1lY2FhLTExZTYtOGY4OC0zNDM2M2JjN2M0YzAiOnsiY3JlYXRlIjoxMjAwMDAwMDAwMDAwLCJkZWxldGUiOjEyMDAwMDAwMDAwMDAsInVwZGF0ZSI6MTIwMDAwMDAwMDAwMH0sInNjaGVtYV92ZXJzaW9uIjoiNiJ9",
          "dependencies": [
            "google_compute_address.static"
          ]
        }
      ]
    }
  ]
}
