{
  "version": 4,
  "terraform_version": "0.12.20",
  "serial": 120,
  "lineage": "bdd5dc92-f0d5-7210-a728-970a8ad2c68a",
  "outputs": {},
  "resources": [
    {
      "mode": "managed",
      "type": "google_compute_address",
      "name": "static",
      "provider": "provider.google",
      "instances": [
        {
          "schema_version": 0,
          "attributes": {
            "address": "35.240.35.104",
            "address_type": "EXTERNAL",
            "creation_timestamp": "2020-01-26T05:53:09.675-08:00",
            "description": "",
            "id": "projects/infra-259917/regions/europe-west1/addresses/ipv4-address",
            "name": "ipv4-address",
            "network_tier": "PREMIUM",
            "project": "infra-259917",
            "purpose": "",
            "region": "europe-west1",
            "self_link": "https://www.googleapis.com/compute/v1/projects/infra-259917/regions/europe-west1/addresses/ipv4-address",
            "subnetwork": "",
            "timeouts": null,
            "users": []
          },
          "private": "eyJlMmJmYjczMC1lY2FhLTExZTYtOGY4OC0zNDM2M2JjN2M0YzAiOnsiY3JlYXRlIjoyNDAwMDAwMDAwMDAsImRlbGV0ZSI6MjQwMDAwMDAwMDAwfX0="
        }
      ]
    },
    {
      "mode": "managed",
      "type": "google_compute_firewall",
      "name": "firewall_apache",
      "provider": "provider.google",
      "instances": [
        {
          "schema_version": 1,
          "attributes": {
            "allow": [
              {
                "ports": [
                  "8080"
                ],
                "protocol": "tcp"
              }
            ],
            "creation_timestamp": "2020-01-26T05:53:09.639-08:00",
            "deny": [],
            "description": "",
            "destination_ranges": [],
            "direction": "INGRESS",
            "disabled": false,
            "id": "projects/infra-259917/global/firewalls/allow-apache-default",
            "name": "allow-apache-default",
            "network": "https://www.googleapis.com/compute/v1/projects/infra-259917/global/networks/default",
            "priority": 1000,
            "project": "infra-259917",
            "self_link": "https://www.googleapis.com/compute/v1/projects/infra-259917/global/firewalls/allow-apache-default",
            "source_ranges": [
              "0.0.0.0/0"
            ],
            "source_service_accounts": null,
            "source_tags": null,
            "target_service_accounts": null,
            "target_tags": [
              "apang"
            ],
            "timeouts": null
          },
          "private": "eyJlMmJmYjczMC1lY2FhLTExZTYtOGY4OC0zNDM2M2JjN2M0YzAiOnsiY3JlYXRlIjoyNDAwMDAwMDAwMDAsImRlbGV0ZSI6MjQwMDAwMDAwMDAwLCJ1cGRhdGUiOjI0MDAwMDAwMDAwMH0sInNjaGVtYV92ZXJzaW9uIjoiMSJ9"
        }
      ]
    },
    {
      "mode": "managed",
      "type": "google_compute_instance",
      "name": "app",
      "provider": "provider.google",
      "instances": [
        {
          "status": "tainted",
          "schema_version": 6,
          "attributes": {
            "allow_stopping_for_update": null,
            "attached_disk": [],
            "boot_disk": [
              {
                "auto_delete": true,
                "device_name": "persistent-disk-0",
                "disk_encryption_key_raw": "",
                "disk_encryption_key_sha256": "",
                "initialize_params": [
                  {
                    "image": "https://www.googleapis.com/compute/v1/projects/ubuntu-os-cloud/global/images/ubuntu-1804-bionic-v20191113",
                    "labels": {},
                    "size": 10,
                    "type": "pd-standard"
                  }
                ],
                "kms_key_self_link": "",
                "mode": "READ_WRITE",
                "source": "https://www.googleapis.com/compute/v1/projects/infra-259917/zones/europe-west1-b/disks/apache"
              }
            ],
            "can_ip_forward": false,
            "cpu_platform": "Intel Haswell",
            "deletion_protection": false,
            "description": "",
            "enable_display": false,
            "guest_accelerator": [],
            "hostname": "",
            "id": "projects/infra-259917/zones/europe-west1-b/instances/apache",
            "instance_id": "7715747696736216869",
            "label_fingerprint": "42WmSpB8rSM=",
            "labels": null,
            "machine_type": "n1-standard-1",
            "metadata": {
              "ssh-keys": "ku9n:ssh-rsa AAAAB3NzaC1yc2EAAAADAQABAAABAQC7p/BcMVsya8rGSdabnGK9ku9hi6yBFRq26AAc+nI69qhfIf8jMnChLOFvk5eZ0Xj3JvWeXYH2w5eb2+jbcFyFwgRSkvk+b2ERRAJ80Fc4kP7wsGE9vnuLgbOY43epNypAagMFCzisrNeuI9LRipAoZSdX5krzd6Q+9URtwUYlZTIO8zfuaN2i3Za9o0DB8SIjbSGYcwIoUdDapm4XxIbUojZbsJI+oo4KJPzco6oi6tIM5VewJyUrsWO5l1K28LzvDdTib4MkS+EBNiYYTYcNflqZxU9AIWvZEkae6wziNdz6uqEuQd19hP+I8F9nk+vr/uo0nzTQQmZrzmIGoeFv ku9n@ku9n\n"
            },
            "metadata_fingerprint": "h9rwcoByun8=",
            "metadata_startup_script": "",
            "min_cpu_platform": "",
            "name": "apache",
            "network_interface": [
              {
                "access_config": [
                  {
                    "nat_ip": "35.240.35.104",
                    "network_tier": "PREMIUM",
                    "public_ptr_domain_name": ""
                  }
                ],
                "alias_ip_range": [],
                "name": "nic0",
                "network": "https://www.googleapis.com/compute/v1/projects/infra-259917/global/networks/default",
                "network_ip": "10.132.15.217",
                "subnetwork": "https://www.googleapis.com/compute/v1/projects/infra-259917/regions/europe-west1/subnetworks/default",
                "subnetwork_project": "infra-259917"
              }
            ],
            "project": "infra-259917",
            "scheduling": [
              {
                "automatic_restart": true,
                "node_affinities": [],
                "on_host_maintenance": "MIGRATE",
                "preemptible": false
              }
            ],
            "scratch_disk": [],
            "self_link": "https://www.googleapis.com/compute/v1/projects/infra-259917/zones/europe-west1-b/instances/apache",
            "service_account": [],
            "shielded_instance_config": [],
            "tags": [
              "apang",
              "http-server",
              "https-server"
            ],
            "tags_fingerprint": "ANEGbsLGWiE=",
            "timeouts": null,
            "zone": "europe-west1-b"
          },
          "private": "eyJlMmJmYjczMC1lY2FhLTExZTYtOGY4OC0zNDM2M2JjN2M0YzAiOnsiY3JlYXRlIjoxMjAwMDAwMDAwMDAwLCJkZWxldGUiOjEyMDAwMDAwMDAwMDAsInVwZGF0ZSI6MTIwMDAwMDAwMDAwMH0sInNjaGVtYV92ZXJzaW9uIjoiNiJ9",
          "dependencies": [
            "google_compute_address.static"
          ]
        }
      ]
    }
  ]
}
